{
  "lockfile_version": "1",
  "packages": {
    "nodePackages.pnpm@8.15.1": {
      "last_modified": "2024-02-07T01:22:34Z",
      "resolved": "github:NixOS/nixpkgs/f8e2ebd66d097614d51a56a755450d4ae1632df1#nodePackages.pnpm",
      "source": "devbox-search",
      "version": "8.15.1",
      "systems": {
        "aarch64-darwin": {
          "store_path": "/nix/store/sj5153h2hcz6bw4rvpmsfmq4yz1rd861-pnpm-8.15.1"
        },
        "aarch64-linux": {
          "store_path": "/nix/store/vsc62bwz7gic225qzs85jvxbwq7915l1-pnpm-8.15.1"
        },
        "x86_64-darwin": {
          "store_path": "/nix/store/msr6df7rs922fsk3cnswqf6f0sn3p1rz-pnpm-8.15.1"
        },
        "x86_64-linux": {
          "store_path": "/nix/store/94y6gwx5vxpz18hg3zryzbrzq3dwjsq9-pnpm-8.15.1"
        }
      }
    },
    "nodejs@21.6.1": {
      "last_modified": "2024-01-27T14:55:31Z",
      "resolved": "github:NixOS/nixpkgs/160b762eda6d139ac10ae081f8f78d640dd523eb#nodejs_21",
      "source": "devbox-search",
      "version": "21.6.1",
      "systems": {
        "aarch64-darwin": {
          "store_path": "/nix/store/vj049qiv5cxhl4xp6vn09wd5jjg4z0cy-nodejs-21.6.1"
        },
        "aarch64-linux": {
          "store_path": "/nix/store/nyxyfn7nn685xgssfgdmg089hg1xg6ag-nodejs-21.6.1"
        },
        "x86_64-darwin": {
          "store_path": "/nix/store/nz7adglsj80d1j6b3v1g91fqj07ja7q0-nodejs-21.6.1"
        },
        "x86_64-linux": {
          "store_path": "/nix/store/nmfhr4pxgizjwdp6jnqa3l7f2bqplni3-nodejs-21.6.1"
        }
      }
    },
    "trunk-io@1.3.0": {
      "last_modified": "2024-01-27T14:55:31Z",
      "resolved": "github:NixOS/nixpkgs/160b762eda6d139ac10ae081f8f78d640dd523eb#trunk-io",
      "source": "devbox-search",
      "version": "1.3.0"
    }
  }
}
