{
  "lockfile_version": "1",
  "packages": {
    "nodePackages.pnpm@8.15.3": {
      "last_modified": "2024-03-08T13:51:52Z",
      "resolved": "github:NixOS/nixpkgs/a343533bccc62400e8a9560423486a3b6c11a23b#nodePackages.pnpm",
      "source": "devbox-search",
      "version": "8.15.3",
      "systems": {
        "aarch64-darwin": {
          "store_path": "/nix/store/m9p6q42njy1k33fdzf2axqyhy8vh4vn5-pnpm-8.15.3"
        },
        "aarch64-linux": {
          "store_path": "/nix/store/war7jm6ka7afc2v8a78hlq8v9m4pg38m-pnpm-8.15.3"
        },
        "x86_64-darwin": {
          "store_path": "/nix/store/3w3bs2cdqx7sivcldcf6drwrhilv511m-pnpm-8.15.3"
        },
        "x86_64-linux": {
          "store_path": "/nix/store/hcq09j80njlfghy65qmwhn5nq20nk8kl-pnpm-8.15.3"
        }
      }
    },
    "nodejs@21.6.1": {
      "last_modified": "2024-02-10T18:15:24Z",
      "resolved": "github:NixOS/nixpkgs/10b813040df67c4039086db0f6eaf65c536886c6#nodejs_21",
      "source": "devbox-search",
      "version": "21.6.1",
      "systems": {
        "aarch64-darwin": {
          "store_path": "/nix/store/042c4932zidpg21dh9g078m29bbnknzx-nodejs-21.6.1"
        },
        "aarch64-linux": {
          "store_path": "/nix/store/i4imnyanc4qr07sp1f6zw8j8rhj9cpzz-nodejs-21.6.1"
        },
        "x86_64-darwin": {
          "store_path": "/nix/store/qzkawpmfp6i39jpvj0nga8xfh8dlbzkx-nodejs-21.6.1"
        },
        "x86_64-linux": {
          "store_path": "/nix/store/r9yac8ggvbp5f1wwfnr2jq82ikd5l12y-nodejs-21.6.1"
        }
      }
    },
    "trunk-io@1.3.0": {
      "last_modified": "2024-01-27T14:55:31Z",
      "resolved": "github:NixOS/nixpkgs/160b762eda6d139ac10ae081f8f78d640dd523eb#trunk-io",
      "source": "devbox-search",
      "version": "1.3.0"
    }
  }
}
